<?xml version="1.0" encoding="utf-8"?>
<Project ToolsVersion="4.0" xmlns="http://schemas.microsoft.com/developer/msbuild/2003">
  <ItemGroup>
    <Filter Include="src">
      <UniqueIdentifier>{d6268892-3c0b-4b6f-9a34-e46280700bc1}</UniqueIdentifier>
    </Filter>
    <Filter Include="include">
      <UniqueIdentifier>{34f66d54-5c8a-48c4-b94f-4f9943914576}</UniqueIdentifier>
    </Filter>
  </ItemGroup>
  <ItemGroup>
    <ClCompile Include="src\main.cpp">
      <Filter>src</Filter>
    </ClCompile>
    <ClCompile Include="src\CifarGAN.cpp">
      <Filter>src</Filter>
    </ClCompile>
    <ClCompile Include="src\DeepConvGAN.cpp">
      <Filter>src</Filter>
    </ClCompile>
    <ClCompile Include="src\GAN.cpp">
      <Filter>src</Filter>
    </ClCompile>
    <ClCompile Include="src\VGG16.cpp">
      <Filter>src</Filter>
    </ClCompile>
    <ClCompile Include="src\VGG19.cpp">
      <Filter>src</Filter>
    </ClCompile>
  </ItemGroup>
  <ItemGroup>
    <ClInclude Include="include\IrisNetwork.h">
      <Filter>include</Filter>
    </ClInclude>
    <ClInclude Include="include\AutoencoderNetwork.h">
      <Filter>include</Filter>
    </ClInclude>
    <ClInclude Include="include\ConvNetwork.h">
      <Filter>include</Filter>
    </ClInclude>
    <ClInclude Include="include\FlowNetwork.h">
      <Filter>include</Filter>
    </ClInclude>
    <ClInclude Include="include\MnistNetwork.h">
      <Filter>include</Filter>
    </ClInclude>
    <ClInclude Include="include\MnistConvNetwork.h">
      <Filter>include</Filter>
    </ClInclude>
    <ClInclude Include="include\DeepConvGAN.h">
      <Filter>include</Filter>
    </ClInclude>
    <ClInclude Include="include\GAN.h">
      <Filter>include</Filter>
    </ClInclude>
    <ClInclude Include="include\ConvAutoencoderNetwork.h">
      <Filter>include</Filter>
    </ClInclude>
    <ClInclude Include="include\CifarGAN.h">
      <Filter>include</Filter>
    </ClInclude>
    <ClInclude Include="include\CifarResNet.h">
      <Filter>include</Filter>
    </ClInclude>
    <ClInclude Include="include\VGG16.h">
      <Filter>include</Filter>
    </ClInclude>
    <ClInclude Include="include\NeuralStyleTransfer.h">
      <Filter>include</Filter>
    </ClInclude>
    <ClInclude Include="include\ComputationalGraph.h">
      <Filter>include</Filter>
    </ClInclude>
    <ClInclude Include="include\VGG19.h">
      <Filter>include</Filter>
    </ClInclude>
    <ClInclude Include="include\FastNeuralStyleTransfer.h">
      <Filter>include</Filter>
    </ClInclude>
  </ItemGroup>
</Project>