<?xml version="1.0" encoding="utf-8"?>
<Project ToolsVersion="4.0" xmlns="http://schemas.microsoft.com/developer/msbuild/2003">
  <ItemGroup>
    <Filter Include="include">
      <UniqueIdentifier>{ed2badaf-31c4-4ff4-ba9a-913e209ade50}</UniqueIdentifier>
    </Filter>
    <Filter Include="src">
      <UniqueIdentifier>{26111226-ce32-4cbc-9ea4-388666e6795a}</UniqueIdentifier>
    </Filter>
    <Filter Include="include\Tensors">
      <UniqueIdentifier>{f3a2fdbb-3a88-40bd-9682-8754e6a5b764}</UniqueIdentifier>
    </Filter>
    <Filter Include="src\Tensors">
      <UniqueIdentifier>{b86672a1-082c-4add-b613-6eaf604ba0fc}</UniqueIdentifier>
    </Filter>
    <Filter Include="include\Models">
      <UniqueIdentifier>{36e6a0ae-7332-4283-aafa-0f89e8872503}</UniqueIdentifier>
    </Filter>
    <Filter Include="include\Optimizers">
      <UniqueIdentifier>{aa45116a-274e-4362-ad93-1e9b7caea157}</UniqueIdentifier>
    </Filter>
    <Filter Include="include\Layers">
      <UniqueIdentifier>{8e9d7fb2-72bb-4c36-b0fb-4b80de2a7d22}</UniqueIdentifier>
    </Filter>
    <Filter Include="include\Initializers">
      <UniqueIdentifier>{963b2032-eab7-4e22-b5f5-78ad726a0742}</UniqueIdentifier>
    </Filter>
    <Filter Include="src\Models">
      <UniqueIdentifier>{bf7ffe8a-c463-456b-b2b1-ceeb61fe8ee5}</UniqueIdentifier>
    </Filter>
    <Filter Include="src\Layers">
      <UniqueIdentifier>{9a92584b-6073-4f91-87b4-01275615b4d8}</UniqueIdentifier>
    </Filter>
    <Filter Include="src\Optimizers">
      <UniqueIdentifier>{1640cdf0-a5f8-4446-8307-f0d465e62e3c}</UniqueIdentifier>
    </Filter>
    <Filter Include="src\Initializers">
      <UniqueIdentifier>{7860454d-0713-4690-a0db-3f2702c8e8eb}</UniqueIdentifier>
    </Filter>
    <Filter Include="include\Tensors\Cuda">
      <UniqueIdentifier>{42cd8cc6-b49c-4546-b3ab-b84bc802b627}</UniqueIdentifier>
    </Filter>
    <Filter Include="src\Tensors\Cuda">
      <UniqueIdentifier>{104429cd-8ac6-4d21-ac3f-b884a2a3d5e3}</UniqueIdentifier>
    </Filter>
    <Filter Include="include\ComputationalGraph">
      <UniqueIdentifier>{a3ae9ac2-6e47-45a0-8786-1955ab163e2f}</UniqueIdentifier>
    </Filter>
    <Filter Include="include\ComputationalGraph\Operations">
      <UniqueIdentifier>{7faac6a2-55b1-4193-83ef-2c2e7f964cce}</UniqueIdentifier>
    </Filter>
    <Filter Include="src\ComputationalGraph">
      <UniqueIdentifier>{a4dd455b-8b0c-42c7-aa24-dbff3b64c678}</UniqueIdentifier>
    </Filter>
    <Filter Include="src\ComputationalGraph\Operations">
      <UniqueIdentifier>{0b259d88-35c1-4981-a62a-89374c6ef78f}</UniqueIdentifier>
    </Filter>
  </ItemGroup>
  <ItemGroup>
    <ClInclude Include="include\Tensors\Shape.h">
      <Filter>include\Tensors</Filter>
    </ClInclude>
    <ClInclude Include="include\Tensors\Tensor.h">
      <Filter>include\Tensors</Filter>
    </ClInclude>
    <ClInclude Include="include\Random.h">
      <Filter>include</Filter>
    </ClInclude>
    <ClInclude Include="include\Tensors\TensorOpCpu.h">
      <Filter>include\Tensors</Filter>
    </ClInclude>
    <ClInclude Include="include\Tools.h">
      <Filter>include</Filter>
    </ClInclude>
    <ClInclude Include="include\Activations.h">
      <Filter>include</Filter>
    </ClInclude>
    <ClInclude Include="include\Loss.h">
      <Filter>include</Filter>
    </ClInclude>
    <ClInclude Include="include\Optimizers\Adam.h">
      <Filter>include\Optimizers</Filter>
    </ClInclude>
    <ClInclude Include="include\Optimizers\OptimizerBase.h">
      <Filter>include\Optimizers</Filter>
    </ClInclude>
    <ClInclude Include="include\Optimizers\SGD.h">
      <Filter>include\Optimizers</Filter>
    </ClInclude>
    <ClInclude Include="include\Initializers\GlorotNormal.h">
      <Filter>include\Initializers</Filter>
    </ClInclude>
    <ClInclude Include="include\Initializers\GlorotUniform.h">
      <Filter>include\Initializers</Filter>
    </ClInclude>
    <ClInclude Include="include\Initializers\InitializerBase.h">
      <Filter>include\Initializers</Filter>
    </ClInclude>
    <ClInclude Include="include\Initializers\Normal.h">
      <Filter>include\Initializers</Filter>
    </ClInclude>
    <ClInclude Include="include\Initializers\Uniform.h">
      <Filter>include\Initializers</Filter>
    </ClInclude>
    <ClInclude Include="include\Initializers\Zeros.h">
      <Filter>include\Initializers</Filter>
    </ClInclude>
    <ClInclude Include="include\Layers\Concatenate.h">
      <Filter>include\Layers</Filter>
    </ClInclude>
    <ClInclude Include="include\Layers\Dense.h">
      <Filter>include\Layers</Filter>
    </ClInclude>
    <ClInclude Include="include\Layers\Flatten.h">
      <Filter>include\Layers</Filter>
    </ClInclude>
    <ClInclude Include="include\Layers\Input.h">
      <Filter>include\Layers</Filter>
    </ClInclude>
    <ClInclude Include="include\Layers\Lambda.h">
      <Filter>include\Layers</Filter>
    </ClInclude>
    <ClInclude Include="include\Layers\LayerBase.h">
      <Filter>include\Layers</Filter>
    </ClInclude>
    <ClInclude Include="include\Layers\Merge.h">
      <Filter>include\Layers</Filter>
    </ClInclude>
    <ClInclude Include="include\Models\Flow.h">
      <Filter>include\Models</Filter>
    </ClInclude>
    <ClInclude Include="include\Models\ModelBase.h">
      <Filter>include\Models</Filter>
    </ClInclude>
    <ClInclude Include="include\Models\Sequential.h">
      <Filter>include\Models</Filter>
    </ClInclude>
    <ClInclude Include="include\Types.h">
      <Filter>include</Filter>
    </ClInclude>
    <ClInclude Include="include\Neuro.h">
      <Filter>include</Filter>
    </ClInclude>
    <ClInclude Include="include\Stopwatch.h">
      <Filter>include</Filter>
    </ClInclude>
    <ClInclude Include="include\ChartGenerator.h">
      <Filter>include</Filter>
    </ClInclude>
    <ClInclude Include="include\Tensors\TensorOpMultiCpu.h">
      <Filter>include\Tensors</Filter>
    </ClInclude>
    <ClInclude Include="include\Tensors\TensorOpGpu.h">
      <Filter>include\Tensors</Filter>
    </ClInclude>
    <ClInclude Include="include\Tensors\Cuda\CudaDeviceVariable.h">
      <Filter>include\Tensors\Cuda</Filter>
    </ClInclude>
    <ClInclude Include="include\Tensors\Cuda\CudaKernels.h">
      <Filter>include\Tensors\Cuda</Filter>
    </ClInclude>
    <ClInclude Include="include\Layers\Dropout.h">
      <Filter>include\Layers</Filter>
    </ClInclude>
    <ClInclude Include="include\Layers\BatchNormalization.h">
      <Filter>include\Layers</Filter>
    </ClInclude>
    <ClInclude Include="include\Layers\UpSampling2D.h">
      <Filter>include\Layers</Filter>
    </ClInclude>
    <ClInclude Include="include\Layers\Pooling2D.h">
      <Filter>include\Layers</Filter>
    </ClInclude>
    <ClInclude Include="include\Layers\Conv2D.h">
      <Filter>include\Layers</Filter>
    </ClInclude>
    <ClInclude Include="include\Layers\Conv2DTranspose.h">
      <Filter>include\Layers</Filter>
    </ClInclude>
    <ClInclude Include="include\Tensors\TensorFormatter.h">
      <Filter>include\Tensors</Filter>
    </ClInclude>
    <ClInclude Include="include\Tensors\Cuda\CudaErrorCheck.h">
      <Filter>include\Tensors\Cuda</Filter>
    </ClInclude>
    <ClInclude Include="include\Layers\Reshape.h">
      <Filter>include\Layers</Filter>
    </ClInclude>
    <ClInclude Include="include\Layers\Activation.h">
      <Filter>include\Layers</Filter>
    </ClInclude>
    <ClInclude Include="include\Layers\SingleLayer.h">
      <Filter>include\Layers</Filter>
    </ClInclude>
    <ClInclude Include="include\Initializers\VarianceScaling.h">
      <Filter>include\Initializers</Filter>
    </ClInclude>
    <ClInclude Include="include\Initializers\HeNormal.h">
      <Filter>include\Initializers</Filter>
    </ClInclude>
    <ClInclude Include="include\Initializers\LeCunNormal.h">
      <Filter>include\Initializers</Filter>
    </ClInclude>
    <ClInclude Include="include\Initializers\LeCunUniform.h">
      <Filter>include\Initializers</Filter>
    </ClInclude>
    <ClInclude Include="include\Initializers\HeUniform.h">
      <Filter>include\Initializers</Filter>
    </ClInclude>
    <ClInclude Include="include\ParameterAndGradient.h">
      <Filter>include</Filter>
    </ClInclude>
    <ClInclude Include="include\ComputationalGraph\Graph.h">
      <Filter>include\ComputationalGraph</Filter>
    </ClInclude>
    <ClInclude Include="include\ComputationalGraph\Operation.h">
      <Filter>include\ComputationalGraph</Filter>
    </ClInclude>
    <ClInclude Include="include\ComputationalGraph\Placeholder.h">
      <Filter>include\ComputationalGraph</Filter>
    </ClInclude>
    <ClInclude Include="include\ComputationalGraph\Session.h">
      <Filter>include\ComputationalGraph</Filter>
    </ClInclude>
    <ClInclude Include="include\ComputationalGraph\Variable.h">
      <Filter>include\ComputationalGraph</Filter>
    </ClInclude>
    <ClInclude Include="include\ComputationalGraph\Operations\AddOp.h">
      <Filter>include\ComputationalGraph\Operations</Filter>
    </ClInclude>
    <ClInclude Include="include\ComputationalGraph\Operations\ConcatenateOp.h">
      <Filter>include\ComputationalGraph\Operations</Filter>
    </ClInclude>
    <ClInclude Include="include\ComputationalGraph\Operations\ExpOp.h">
      <Filter>include\ComputationalGraph\Operations</Filter>
    </ClInclude>
    <ClInclude Include="include\ComputationalGraph\Operations\LogOp.h">
      <Filter>include\ComputationalGraph\Operations</Filter>
    </ClInclude>
    <ClInclude Include="include\ComputationalGraph\Operations\MatMulOp.h">
      <Filter>include\ComputationalGraph\Operations</Filter>
    </ClInclude>
    <ClInclude Include="include\ComputationalGraph\Operations\MeanOp.h">
      <Filter>include\ComputationalGraph\Operations</Filter>
    </ClInclude>
    <ClInclude Include="include\ComputationalGraph\Operations\MultiplyOp.h">
      <Filter>include\ComputationalGraph\Operations</Filter>
    </ClInclude>
    <ClInclude Include="include\ComputationalGraph\Operations\NegativeOp.h">
      <Filter>include\ComputationalGraph\Operations</Filter>
    </ClInclude>
    <ClInclude Include="include\ComputationalGraph\Operations\PowOp.h">
      <Filter>include\ComputationalGraph\Operations</Filter>
    </ClInclude>
    <ClInclude Include="include\ComputationalGraph\Operations\SigmoidOp.h">
      <Filter>include\ComputationalGraph\Operations</Filter>
    </ClInclude>
    <ClInclude Include="include\ComputationalGraph\Operations\SoftmaxOp.h">
      <Filter>include\ComputationalGraph\Operations</Filter>
    </ClInclude>
    <ClInclude Include="include\ComputationalGraph\Operations\SqrtOp.h">
      <Filter>include\ComputationalGraph\Operations</Filter>
    </ClInclude>
    <ClInclude Include="include\ComputationalGraph\Operations\SubtractOp.h">
      <Filter>include\ComputationalGraph\Operations</Filter>
    </ClInclude>
    <ClInclude Include="include\ComputationalGraph\Operations\SumOp.h">
      <Filter>include\ComputationalGraph\Operations</Filter>
    </ClInclude>
    <ClInclude Include="include\ComputationalGraph\Operations\TanHOp.h">
      <Filter>include\ComputationalGraph\Operations</Filter>
    </ClInclude>
    <ClInclude Include="include\ComputationalGraph\NameScope.h">
      <Filter>include\ComputationalGraph</Filter>
    </ClInclude>
    <ClInclude Include="include\ComputationalGraph\Ops.h">
      <Filter>include\ComputationalGraph</Filter>
    </ClInclude>
    <ClInclude Include="include\ComputationalGraph\Predicter.h">
      <Filter>include\ComputationalGraph</Filter>
    </ClInclude>
    <ClInclude Include="include\ComputationalGraph\Trainer.h">
      <Filter>include\ComputationalGraph</Filter>
    </ClInclude>
    <ClInclude Include="include\Initializers\Const.h">
      <Filter>include\Initializers</Filter>
    </ClInclude>
    <ClInclude Include="include\ComputationalGraph\Constant.h">
      <Filter>include\ComputationalGraph</Filter>
    </ClInclude>
    <ClInclude Include="include\ComputationalGraph\Operations\ReLUOp.h">
      <Filter>include\ComputationalGraph\Operations</Filter>
    </ClInclude>
    <ClInclude Include="include\ComputationalGraph\Operations\EluOp.h">
      <Filter>include\ComputationalGraph\Operations</Filter>
    </ClInclude>
    <ClInclude Include="include\ComputationalGraph\TensorLike.h">
      <Filter>include\ComputationalGraph</Filter>
    </ClInclude>
    <ClInclude Include="include\ComputationalGraph\Operations\LeakyReLUOp.h">
      <Filter>include\ComputationalGraph\Operations</Filter>
    </ClInclude>
    <ClInclude Include="include\ComputationalGraph\Operations\ClipOp.h">
      <Filter>include\ComputationalGraph\Operations</Filter>
    </ClInclude>
    <ClInclude Include="include\ComputationalGraph\Operations\GradientsOp.h">
      <Filter>include\ComputationalGraph\Operations</Filter>
    </ClInclude>
    <ClInclude Include="include\ComputationalGraph\Operations\AssignOp.h">
      <Filter>include\ComputationalGraph\Operations</Filter>
    </ClInclude>
    <ClInclude Include="include\ComputationalGraph\Operations\Conv2dOp.h">
      <Filter>include\ComputationalGraph\Operations</Filter>
    </ClInclude>
    <ClInclude Include="include\ComputationalGraph\Operations\Conv2dTransposeOp.h">
      <Filter>include\ComputationalGraph\Operations</Filter>
    </ClInclude>
    <ClInclude Include="include\ComputationalGraph\Operations\ReshapeOp.h">
      <Filter>include\ComputationalGraph\Operations</Filter>
    </ClInclude>
    <ClInclude Include="include\ComputationalGraph\Operations\MergeOp.h">
      <Filter>include\ComputationalGraph\Operations</Filter>
    </ClInclude>
    <ClInclude Include="include\ComputationalGraph\Operations\BatchNormalizeOp.h">
      <Filter>include\ComputationalGraph\Operations</Filter>
    </ClInclude>
    <ClInclude Include="include\ComputationalGraph\Operations\Pool2dOp.h">
      <Filter>include\ComputationalGraph\Operations</Filter>
    </ClInclude>
    <ClInclude Include="include\ComputationalGraph\Operations\UpSample2dOp.h">
      <Filter>include\ComputationalGraph\Operations</Filter>
    </ClInclude>
    <ClInclude Include="include\ComputationalGraph\Operations\DropoutOp.h">
      <Filter>include\ComputationalGraph\Operations</Filter>
    </ClInclude>
    <ClInclude Include="include\ComputationalGraph\Operations\DumpOp.h">
      <Filter>include\ComputationalGraph\Operations</Filter>
    </ClInclude>
    <ClInclude Include="include\Debug.h">
      <Filter>include</Filter>
    </ClInclude>
    <ClInclude Include="include\ComputationalGraph\Operations\DivideOp.h">
      <Filter>include\ComputationalGraph\Operations</Filter>
    </ClInclude>
    <ClInclude Include="include\ComputationalGraph\Operations\IdentityOp.h">
      <Filter>include\ComputationalGraph\Operations</Filter>
    </ClInclude>
    <ClInclude Include="include\ComputationalGraph\Operations\TransposeOp.h">
      <Filter>include\ComputationalGraph\Operations</Filter>
    </ClInclude>
    <ClInclude Include="include\ComputationalGraph\Operations\BatchFlattenOp.h">
      <Filter>include\ComputationalGraph\Operations</Filter>
    </ClInclude>
  </ItemGroup>
  <ItemGroup>
    <ClCompile Include="src\Tensors\Shape.cpp">
      <Filter>src\Tensors</Filter>
    </ClCompile>
    <ClCompile Include="src\Tensors\Tensor.cpp">
      <Filter>src\Tensors</Filter>
    </ClCompile>
    <ClCompile Include="src\Random.cpp">
      <Filter>src</Filter>
    </ClCompile>
    <ClCompile Include="src\Tensors\TensorOpCpu.cpp">
      <Filter>src\Tensors</Filter>
    </ClCompile>
    <ClCompile Include="src\Tools.cpp">
      <Filter>src</Filter>
    </ClCompile>
    <ClCompile Include="src\Loss.cpp">
      <Filter>src</Filter>
    </ClCompile>
    <ClCompile Include="src\Activations.cpp">
      <Filter>src</Filter>
    </ClCompile>
    <ClCompile Include="src\Layers\Dense.cpp">
      <Filter>src\Layers</Filter>
    </ClCompile>
    <ClCompile Include="src\Layers\Input.cpp">
      <Filter>src\Layers</Filter>
    </ClCompile>
    <ClCompile Include="src\Models\Flow.cpp">
      <Filter>src\Models</Filter>
    </ClCompile>
    <ClCompile Include="src\Models\ModelBase.cpp">
      <Filter>src\Models</Filter>
    </ClCompile>
    <ClCompile Include="src\Models\Sequential.cpp">
      <Filter>src\Models</Filter>
    </ClCompile>
    <ClCompile Include="src\Optimizers\Adam.cpp">
      <Filter>src\Optimizers</Filter>
    </ClCompile>
    <ClCompile Include="src\Optimizers\OptimizerBase.cpp">
      <Filter>src\Optimizers</Filter>
    </ClCompile>
    <ClCompile Include="src\Optimizers\SGD.cpp">
      <Filter>src\Optimizers</Filter>
    </ClCompile>
    <ClCompile Include="src\Initializers\Normal.cpp">
      <Filter>src\Initializers</Filter>
    </ClCompile>
    <ClCompile Include="src\Initializers\Uniform.cpp">
      <Filter>src\Initializers</Filter>
    </ClCompile>
    <ClCompile Include="src\Initializers\Zeros.cpp">
      <Filter>src\Initializers</Filter>
    </ClCompile>
    <ClCompile Include="src\Stopwatch.cpp">
      <Filter>src</Filter>
    </ClCompile>
    <ClCompile Include="src\ChartGenerator.cpp">
      <Filter>src</Filter>
    </ClCompile>
    <ClCompile Include="src\Tensors\TensorOpMultiCpu.cpp">
      <Filter>src\Tensors</Filter>
    </ClCompile>
    <ClCompile Include="src\Tensors\TensorOpGpu.cpp">
      <Filter>src\Tensors</Filter>
    </ClCompile>
    <ClCompile Include="src\Tensors\TensorFormatter.cpp">
      <Filter>src\Tensors</Filter>
    </ClCompile>
    <ClCompile Include="src\Tensors\Cuda\CudaErrorCheck.cpp">
      <Filter>src\Tensors\Cuda</Filter>
    </ClCompile>
    <ClCompile Include="src\Layers\SingleLayer.cpp">
      <Filter>src\Layers</Filter>
    </ClCompile>
    <ClCompile Include="src\Initializers\VarianceScaling.cpp">
      <Filter>src\Initializers</Filter>
    </ClCompile>
    <ClCompile Include="src\ComputationalGraph\Graph.cpp">
      <Filter>src\ComputationalGraph</Filter>
    </ClCompile>
    <ClCompile Include="src\ComputationalGraph\Operation.cpp">
      <Filter>src\ComputationalGraph</Filter>
    </ClCompile>
    <ClCompile Include="src\ComputationalGraph\Placeholder.cpp">
      <Filter>src\ComputationalGraph</Filter>
    </ClCompile>
    <ClCompile Include="src\ComputationalGraph\Session.cpp">
      <Filter>src\ComputationalGraph</Filter>
    </ClCompile>
    <ClCompile Include="src\ComputationalGraph\Variable.cpp">
      <Filter>src\ComputationalGraph</Filter>
    </ClCompile>
    <ClCompile Include="src\ComputationalGraph\Operations\AddOp.cpp">
      <Filter>src\ComputationalGraph\Operations</Filter>
    </ClCompile>
    <ClCompile Include="src\ComputationalGraph\Operations\ConcatenateOp.cpp">
      <Filter>src\ComputationalGraph\Operations</Filter>
    </ClCompile>
    <ClCompile Include="src\ComputationalGraph\Operations\ExpOp.cpp">
      <Filter>src\ComputationalGraph\Operations</Filter>
    </ClCompile>
    <ClCompile Include="src\ComputationalGraph\Operations\LogOp.cpp">
      <Filter>src\ComputationalGraph\Operations</Filter>
    </ClCompile>
    <ClCompile Include="src\ComputationalGraph\Operations\MatMulOp.cpp">
      <Filter>src\ComputationalGraph\Operations</Filter>
    </ClCompile>
    <ClCompile Include="src\ComputationalGraph\Operations\MeanOp.cpp">
      <Filter>src\ComputationalGraph\Operations</Filter>
    </ClCompile>
    <ClCompile Include="src\ComputationalGraph\Operations\MultiplyOp.cpp">
      <Filter>src\ComputationalGraph\Operations</Filter>
    </ClCompile>
    <ClCompile Include="src\ComputationalGraph\Operations\NegativeOp.cpp">
      <Filter>src\ComputationalGraph\Operations</Filter>
    </ClCompile>
    <ClCompile Include="src\ComputationalGraph\Operations\PowOp.cpp">
      <Filter>src\ComputationalGraph\Operations</Filter>
    </ClCompile>
    <ClCompile Include="src\ComputationalGraph\Operations\SigmoidOp.cpp">
      <Filter>src\ComputationalGraph\Operations</Filter>
    </ClCompile>
    <ClCompile Include="src\ComputationalGraph\Operations\SoftmaxOp.cpp">
      <Filter>src\ComputationalGraph\Operations</Filter>
    </ClCompile>
    <ClCompile Include="src\ComputationalGraph\Operations\SqrtOp.cpp">
      <Filter>src\ComputationalGraph\Operations</Filter>
    </ClCompile>
    <ClCompile Include="src\ComputationalGraph\Operations\SubtractOp.cpp">
      <Filter>src\ComputationalGraph\Operations</Filter>
    </ClCompile>
    <ClCompile Include="src\ComputationalGraph\Operations\SumOp.cpp">
      <Filter>src\ComputationalGraph\Operations</Filter>
    </ClCompile>
    <ClCompile Include="src\ComputationalGraph\Operations\TanHOp.cpp">
      <Filter>src\ComputationalGraph\Operations</Filter>
    </ClCompile>
    <ClCompile Include="src\ComputationalGraph\NameScope.cpp">
      <Filter>src\ComputationalGraph</Filter>
    </ClCompile>
    <ClCompile Include="src\ComputationalGraph\Predicter.cpp">
      <Filter>src\ComputationalGraph</Filter>
    </ClCompile>
    <ClCompile Include="src\ComputationalGraph\Trainer.cpp">
      <Filter>src\ComputationalGraph</Filter>
    </ClCompile>
    <ClCompile Include="src\Initializers\Const.cpp">
      <Filter>src\Initializers</Filter>
    </ClCompile>
    <ClCompile Include="src\ComputationalGraph\Constant.cpp">
      <Filter>src\ComputationalGraph</Filter>
    </ClCompile>
    <ClCompile Include="src\ComputationalGraph\Operations\ReLUOp.cpp">
      <Filter>src\ComputationalGraph\Operations</Filter>
    </ClCompile>
    <ClCompile Include="src\ComputationalGraph\Operations\EluOp.cpp">
      <Filter>src\ComputationalGraph\Operations</Filter>
    </ClCompile>
    <ClCompile Include="src\ComputationalGraph\TensorLike.cpp">
      <Filter>src\ComputationalGraph</Filter>
    </ClCompile>
    <ClCompile Include="src\Layers\LayerBase.cpp">
      <Filter>src\Layers</Filter>
    </ClCompile>
    <ClCompile Include="src\ComputationalGraph\Operations\LeakyReLUOp.cpp">
      <Filter>src\ComputationalGraph\Operations</Filter>
    </ClCompile>
    <ClCompile Include="src\ComputationalGraph\Operations\ClipOp.cpp">
      <Filter>src\ComputationalGraph\Operations</Filter>
    </ClCompile>
    <ClCompile Include="src\ComputationalGraph\Operations\GradientsOp.cpp">
      <Filter>src\ComputationalGraph\Operations</Filter>
    </ClCompile>
    <ClCompile Include="src\ComputationalGraph\Operations\AssignOp.cpp">
      <Filter>src\ComputationalGraph\Operations</Filter>
    </ClCompile>
    <ClCompile Include="src\Layers\Conv2D.cpp">
      <Filter>src\Layers</Filter>
    </ClCompile>
    <ClCompile Include="src\Layers\Conv2DTranspose.cpp">
      <Filter>src\Layers</Filter>
    </ClCompile>
    <ClCompile Include="src\ComputationalGraph\Operations\Conv2dOp.cpp">
      <Filter>src\ComputationalGraph\Operations</Filter>
    </ClCompile>
    <ClCompile Include="src\ComputationalGraph\Operations\Conv2dTransposeOp.cpp">
      <Filter>src\ComputationalGraph\Operations</Filter>
    </ClCompile>
    <ClCompile Include="src\Layers\Activation.cpp">
      <Filter>src\Layers</Filter>
    </ClCompile>
    <ClCompile Include="src\Layers\Reshape.cpp">
      <Filter>src\Layers</Filter>
    </ClCompile>
    <ClCompile Include="src\ComputationalGraph\Operations\ReshapeOp.cpp">
      <Filter>src\ComputationalGraph\Operations</Filter>
    </ClCompile>
    <ClCompile Include="src\Layers\Flatten.cpp">
      <Filter>src\Layers</Filter>
    </ClCompile>
    <ClCompile Include="src\Layers\Merge.cpp">
      <Filter>src\Layers</Filter>
    </ClCompile>
    <ClCompile Include="src\ComputationalGraph\Operations\MergeOp.cpp">
      <Filter>src\ComputationalGraph\Operations</Filter>
    </ClCompile>
    <ClCompile Include="src\Layers\Pooling2D.cpp">
      <Filter>src\Layers</Filter>
    </ClCompile>
    <ClCompile Include="src\ComputationalGraph\Operations\BatchNormalizeOp.cpp">
      <Filter>src\ComputationalGraph\Operations</Filter>
    </ClCompile>
    <ClCompile Include="src\ComputationalGraph\Operations\Pool2dOp.cpp">
      <Filter>src\ComputationalGraph\Operations</Filter>
    </ClCompile>
    <ClCompile Include="src\ComputationalGraph\Operations\UpSample2dOp.cpp">
      <Filter>src\ComputationalGraph\Operations</Filter>
    </ClCompile>
    <ClCompile Include="src\Layers\UpSampling2D.cpp">
      <Filter>src\Layers</Filter>
    </ClCompile>
    <ClCompile Include="src\Layers\BatchNormalization.cpp">
      <Filter>src\Layers</Filter>
    </ClCompile>
    <ClCompile Include="src\Layers\Concatenate.cpp">
      <Filter>src\Layers</Filter>
    </ClCompile>
    <ClCompile Include="src\Layers\Dropout.cpp">
      <Filter>src\Layers</Filter>
    </ClCompile>
    <ClCompile Include="src\ComputationalGraph\Operations\DropoutOp.cpp">
      <Filter>src\ComputationalGraph\Operations</Filter>
    </ClCompile>
    <ClCompile Include="src\ComputationalGraph\Operations\DumpOp.cpp">
      <Filter>src\ComputationalGraph\Operations</Filter>
    </ClCompile>
    <ClCompile Include="src\Debug.cpp">
      <Filter>src</Filter>
    </ClCompile>
    <ClCompile Include="src\ComputationalGraph\Operations\DivideOp.cpp">
      <Filter>src\ComputationalGraph\Operations</Filter>
    </ClCompile>
    <ClCompile Include="src\ComputationalGraph\Operations\IdentityOp.cpp">
      <Filter>src\ComputationalGraph\Operations</Filter>
    </ClCompile>
    <ClCompile Include="src\ComputationalGraph\Operations\TransposeOp.cpp">
      <Filter>src\ComputationalGraph\Operations</Filter>
    </ClCompile>
    <ClCompile Include="src\ComputationalGraph\Operations\BatchFlattenOp.cpp">
      <Filter>src\ComputationalGraph\Operations</Filter>
    </ClCompile>
  </ItemGroup>
  <ItemGroup>
    <CudaCompile Include="src\Tensors\Cuda\CudaKernels.cu">
      <Filter>src\Tensors\Cuda</Filter>
    </CudaCompile>
  </ItemGroup>
  <ItemGroup>
    <Natvis Include="Neuro.natvis" />
  </ItemGroup>
</Project>